
Microsoft Visual Studio Solution File, Format Version 12.00
# Visual Studio Version 16
VisualStudioVersion = 16.0.29411.108
MinimumVisualStudioVersion = 10.0.40219.1
Project("{9A19103F-16F7-4668-BE54-9A1E7A4F7556}") = "HomeWork1", "HomeWork1\HomeWork1.csproj", "{A537679E-1991-437B-A307-976AAFBE8D40}"
EndProject
Project("{9A19103F-16F7-4668-BE54-9A1E7A4F7556}") = "Cryptography", "Cryptography\Cryptography.csproj", "{E5131A48-85AC-492A-8EBE-2C9BC63F5E40}"
EndProject
Project("{9A19103F-16F7-4668-BE54-9A1E7A4F7556}") = "MVP", "MVP\MVP.csproj", "{5733411D-9624-4B87-BF4D-412271F60F69}"
EndProject
Project("{9A19103F-16F7-4668-BE54-9A1E7A4F7556}") = "Extensions", "Extensions\Extensions.csproj", "{AEFFEEF8-696E-4634-8D0A-03A5FC6498CC}"
EndProject
Project("{9A19103F-16F7-4668-BE54-9A1E7A4F7556}") = "HomeWork2", "HomeWork2\HomeWork2.csproj", "{D79883B2-E725-4C23-8145-EC19621E829E}"
EndProject
Project("{9A19103F-16F7-4668-BE54-9A1E7A4F7556}") = "HomeWork3", "HomeWork3\HomeWork3.csproj", "{D763A95A-C9ED-449A-970F-453732051627}"
EndProject
Project("{9A19103F-16F7-4668-BE54-9A1E7A4F7556}") = "HomeWork4", "HomeWork4\HomeWork4.csproj", "{F093D917-6740-4A0B-A065-03A3D325BBBE}"
EndProject
Project("{FAE04EC0-301F-11D3-BF4B-00C04F79EFBC}") = "RijndaelTest", "RijndaelTest\RijndaelTest.csproj", "{307EE88A-B526-47AB-AD5E-4CE1EDD52D1F}"
EndProject
Project("{2150E333-8FDC-42A3-9474-1A3956D46DE8}") = "UI", "UI", "{42E1A4AA-532F-4DE3-8BDD-F0D8DA1C9869}"
EndProject
Project("{2150E333-8FDC-42A3-9474-1A3956D46DE8}") = "Logic", "Logic", "{5A14E76E-5917-435B-83A0-7F9702D0BBAB}"
EndProject
Project("{2150E333-8FDC-42A3-9474-1A3956D46DE8}") = "Testing", "Testing", "{79436234-5D4B-4AC3-A8C3-8F3527549609}"
EndProject
Global
	GlobalSection(SolutionConfigurationPlatforms) = preSolution
		Debug|Any CPU = Debug|Any CPU
		Debug|x64 = Debug|x64
		Debug|x86 = Debug|x86
		Release|Any CPU = Release|Any CPU
		Release|x64 = Release|x64
		Release|x86 = Release|x86
	EndGlobalSection
	GlobalSection(ProjectConfigurationPlatforms) = postSolution
		{A537679E-1991-437B-A307-976AAFBE8D40}.Debug|Any CPU.ActiveCfg = Debug|Any CPU
		{A537679E-1991-437B-A307-976AAFBE8D40}.Debug|Any CPU.Build.0 = Debug|Any CPU
		{A537679E-1991-437B-A307-976AAFBE8D40}.Debug|x64.ActiveCfg = Debug|Any CPU
		{A537679E-1991-437B-A307-976AAFBE8D40}.Debug|x64.Build.0 = Debug|Any CPU
		{A537679E-1991-437B-A307-976AAFBE8D40}.Debug|x86.ActiveCfg = Debug|Any CPU
		{A537679E-1991-437B-A307-976AAFBE8D40}.Debug|x86.Build.0 = Debug|Any CPU
		{A537679E-1991-437B-A307-976AAFBE8D40}.Release|Any CPU.ActiveCfg = Release|Any CPU
		{A537679E-1991-437B-A307-976AAFBE8D40}.Release|Any CPU.Build.0 = Release|Any CPU
		{A537679E-1991-437B-A307-976AAFBE8D40}.Release|x64.ActiveCfg = Release|Any CPU
		{A537679E-1991-437B-A307-976AAFBE8D40}.Release|x64.Build.0 = Release|Any CPU
		{A537679E-1991-437B-A307-976AAFBE8D40}.Release|x86.ActiveCfg = Release|Any CPU
		{A537679E-1991-437B-A307-976AAFBE8D40}.Release|x86.Build.0 = Release|Any CPU
		{E5131A48-85AC-492A-8EBE-2C9BC63F5E40}.Debug|Any CPU.ActiveCfg = Debug|Any CPU
		{E5131A48-85AC-492A-8EBE-2C9BC63F5E40}.Debug|Any CPU.Build.0 = Debug|Any CPU
		{E5131A48-85AC-492A-8EBE-2C9BC63F5E40}.Debug|x64.ActiveCfg = Debug|Any CPU
		{E5131A48-85AC-492A-8EBE-2C9BC63F5E40}.Debug|x64.Build.0 = Debug|Any CPU
		{E5131A48-85AC-492A-8EBE-2C9BC63F5E40}.Debug|x86.ActiveCfg = Debug|Any CPU
		{E5131A48-85AC-492A-8EBE-2C9BC63F5E40}.Debug|x86.Build.0 = Debug|Any CPU
		{E5131A48-85AC-492A-8EBE-2C9BC63F5E40}.Release|Any CPU.ActiveCfg = Release|Any CPU
		{E5131A48-85AC-492A-8EBE-2C9BC63F5E40}.Release|Any CPU.Build.0 = Release|Any CPU
		{E5131A48-85AC-492A-8EBE-2C9BC63F5E40}.Release|x64.ActiveCfg = Release|Any CPU
		{E5131A48-85AC-492A-8EBE-2C9BC63F5E40}.Release|x64.Build.0 = Release|Any CPU
		{E5131A48-85AC-492A-8EBE-2C9BC63F5E40}.Release|x86.ActiveCfg = Release|Any CPU
		{E5131A48-85AC-492A-8EBE-2C9BC63F5E40}.Release|x86.Build.0 = Release|Any CPU
		{5733411D-9624-4B87-BF4D-412271F60F69}.Debug|Any CPU.ActiveCfg = Debug|Any CPU
		{5733411D-9624-4B87-BF4D-412271F60F69}.Debug|Any CPU.Build.0 = Debug|Any CPU
		{5733411D-9624-4B87-BF4D-412271F60F69}.Debug|x64.ActiveCfg = Debug|Any CPU
		{5733411D-9624-4B87-BF4D-412271F60F69}.Debug|x64.Build.0 = Debug|Any CPU
		{5733411D-9624-4B87-BF4D-412271F60F69}.Debug|x86.ActiveCfg = Debug|Any CPU
		{5733411D-9624-4B87-BF4D-412271F60F69}.Debug|x86.Build.0 = Debug|Any CPU
		{5733411D-9624-4B87-BF4D-412271F60F69}.Release|Any CPU.ActiveCfg = Release|Any CPU
		{5733411D-9624-4B87-BF4D-412271F60F69}.Release|Any CPU.Build.0 = Release|Any CPU
		{5733411D-9624-4B87-BF4D-412271F60F69}.Release|x64.ActiveCfg = Release|Any CPU
		{5733411D-9624-4B87-BF4D-412271F60F69}.Release|x64.Build.0 = Release|Any CPU
		{5733411D-9624-4B87-BF4D-412271F60F69}.Release|x86.ActiveCfg = Release|Any CPU
		{5733411D-9624-4B87-BF4D-412271F60F69}.Release|x86.Build.0 = Release|Any CPU
		{AEFFEEF8-696E-4634-8D0A-03A5FC6498CC}.Debug|Any CPU.ActiveCfg = Debug|Any CPU
		{AEFFEEF8-696E-4634-8D0A-03A5FC6498CC}.Debug|Any CPU.Build.0 = Debug|Any CPU
		{AEFFEEF8-696E-4634-8D0A-03A5FC6498CC}.Debug|x64.ActiveCfg = Debug|Any CPU
		{AEFFEEF8-696E-4634-8D0A-03A5FC6498CC}.Debug|x64.Build.0 = Debug|Any CPU
		{AEFFEEF8-696E-4634-8D0A-03A5FC6498CC}.Debug|x86.ActiveCfg = Debug|Any CPU
		{AEFFEEF8-696E-4634-8D0A-03A5FC6498CC}.Debug|x86.Build.0 = Debug|Any CPU
		{AEFFEEF8-696E-4634-8D0A-03A5FC6498CC}.Release|Any CPU.ActiveCfg = Release|Any CPU
		{AEFFEEF8-696E-4634-8D0A-03A5FC6498CC}.Release|Any CPU.Build.0 = Release|Any CPU
		{AEFFEEF8-696E-4634-8D0A-03A5FC6498CC}.Release|x64.ActiveCfg = Release|Any CPU
		{AEFFEEF8-696E-4634-8D0A-03A5FC6498CC}.Release|x64.Build.0 = Release|Any CPU
		{AEFFEEF8-696E-4634-8D0A-03A5FC6498CC}.Release|x86.ActiveCfg = Release|Any CPU
		{AEFFEEF8-696E-4634-8D0A-03A5FC6498CC}.Release|x86.Build.0 = Release|Any CPU
		{D79883B2-E725-4C23-8145-EC19621E829E}.Debug|Any CPU.ActiveCfg = Debug|Any CPU
		{D79883B2-E725-4C23-8145-EC19621E829E}.Debug|Any CPU.Build.0 = Debug|Any CPU
		{D79883B2-E725-4C23-8145-EC19621E829E}.Debug|x64.ActiveCfg = Debug|Any CPU
		{D79883B2-E725-4C23-8145-EC19621E829E}.Debug|x64.Build.0 = Debug|Any CPU
		{D79883B2-E725-4C23-8145-EC19621E829E}.Debug|x86.ActiveCfg = Debug|Any CPU
		{D79883B2-E725-4C23-8145-EC19621E829E}.Debug|x86.Build.0 = Debug|Any CPU
		{D79883B2-E725-4C23-8145-EC19621E829E}.Release|Any CPU.ActiveCfg = Release|Any CPU
		{D79883B2-E725-4C23-8145-EC19621E829E}.Release|Any CPU.Build.0 = Release|Any CPU
		{D79883B2-E725-4C23-8145-EC19621E829E}.Release|x64.ActiveCfg = Release|Any CPU
		{D79883B2-E725-4C23-8145-EC19621E829E}.Release|x64.Build.0 = Release|Any CPU
		{D79883B2-E725-4C23-8145-EC19621E829E}.Release|x86.ActiveCfg = Release|Any CPU
		{D79883B2-E725-4C23-8145-EC19621E829E}.Release|x86.Build.0 = Release|Any CPU
		{D763A95A-C9ED-449A-970F-453732051627}.Debug|Any CPU.ActiveCfg = Debug|Any CPU
		{D763A95A-C9ED-449A-970F-453732051627}.Debug|Any CPU.Build.0 = Debug|Any CPU
		{D763A95A-C9ED-449A-970F-453732051627}.Debug|x64.ActiveCfg = Debug|Any CPU
		{D763A95A-C9ED-449A-970F-453732051627}.Debug|x64.Build.0 = Debug|Any CPU
		{D763A95A-C9ED-449A-970F-453732051627}.Debug|x86.ActiveCfg = Debug|Any CPU
		{D763A95A-C9ED-449A-970F-453732051627}.Debug|x86.Build.0 = Debug|Any CPU
		{D763A95A-C9ED-449A-970F-453732051627}.Release|Any CPU.ActiveCfg = Release|Any CPU
		{D763A95A-C9ED-449A-970F-453732051627}.Release|Any CPU.Build.0 = Release|Any CPU
		{D763A95A-C9ED-449A-970F-453732051627}.Release|x64.ActiveCfg = Release|Any CPU
		{D763A95A-C9ED-449A-970F-453732051627}.Release|x64.Build.0 = Release|Any CPU
		{D763A95A-C9ED-449A-970F-453732051627}.Release|x86.ActiveCfg = Release|Any CPU
		{D763A95A-C9ED-449A-970F-453732051627}.Release|x86.Build.0 = Release|Any CPU
		{F093D917-6740-4A0B-A065-03A3D325BBBE}.Debug|Any CPU.ActiveCfg = Debug|Any CPU
		{F093D917-6740-4A0B-A065-03A3D325BBBE}.Debug|Any CPU.Build.0 = Debug|Any CPU
		{F093D917-6740-4A0B-A065-03A3D325BBBE}.Debug|x64.ActiveCfg = Debug|Any CPU
		{F093D917-6740-4A0B-A065-03A3D325BBBE}.Debug|x64.Build.0 = Debug|Any CPU
		{F093D917-6740-4A0B-A065-03A3D325BBBE}.Debug|x86.ActiveCfg = Debug|Any CPU
		{F093D917-6740-4A0B-A065-03A3D325BBBE}.Debug|x86.Build.0 = Debug|Any CPU
		{F093D917-6740-4A0B-A065-03A3D325BBBE}.Release|Any CPU.ActiveCfg = Release|Any CPU
		{F093D917-6740-4A0B-A065-03A3D325BBBE}.Release|Any CPU.Build.0 = Release|Any CPU
		{F093D917-6740-4A0B-A065-03A3D325BBBE}.Release|x64.ActiveCfg = Release|Any CPU
		{F093D917-6740-4A0B-A065-03A3D325BBBE}.Release|x64.Build.0 = Release|Any CPU
		{F093D917-6740-4A0B-A065-03A3D325BBBE}.Release|x86.ActiveCfg = Release|Any CPU
		{F093D917-6740-4A0B-A065-03A3D325BBBE}.Release|x86.Build.0 = Release|Any CPU
		{307EE88A-B526-47AB-AD5E-4CE1EDD52D1F}.Debug|Any CPU.ActiveCfg = Debug|Any CPU
		{307EE88A-B526-47AB-AD5E-4CE1EDD52D1F}.Debug|Any CPU.Build.0 = Debug|Any CPU
		{307EE88A-B526-47AB-AD5E-4CE1EDD52D1F}.Debug|x64.ActiveCfg = Debug|Any CPU
		{307EE88A-B526-47AB-AD5E-4CE1EDD52D1F}.Debug|x64.Build.0 = Debug|Any CPU
		{307EE88A-B526-47AB-AD5E-4CE1EDD52D1F}.Debug|x86.ActiveCfg = Debug|Any CPU
		{307EE88A-B526-47AB-AD5E-4CE1EDD52D1F}.Debug|x86.Build.0 = Debug|Any CPU
		{307EE88A-B526-47AB-AD5E-4CE1EDD52D1F}.Release|Any CPU.ActiveCfg = Release|Any CPU
		{307EE88A-B526-47AB-AD5E-4CE1EDD52D1F}.Release|Any CPU.Build.0 = Release|Any CPU
		{307EE88A-B526-47AB-AD5E-4CE1EDD52D1F}.Release|x64.ActiveCfg = Release|Any CPU
		{307EE88A-B526-47AB-AD5E-4CE1EDD52D1F}.Release|x64.Build.0 = Release|Any CPU
		{307EE88A-B526-47AB-AD5E-4CE1EDD52D1F}.Release|x86.ActiveCfg = Release|Any CPU
		{307EE88A-B526-47AB-AD5E-4CE1EDD52D1F}.Release|x86.Build.0 = Release|Any CPU
	EndGlobalSection
	GlobalSection(SolutionProperties) = preSolution
		HideSolutionNode = FALSE
	EndGlobalSection
	GlobalSection(NestedProjects) = preSolution
		{A537679E-1991-437B-A307-976AAFBE8D40} = {42E1A4AA-532F-4DE3-8BDD-F0D8DA1C9869}
		{E5131A48-85AC-492A-8EBE-2C9BC63F5E40} = {5A14E76E-5917-435B-83A0-7F9702D0BBAB}
		{5733411D-9624-4B87-BF4D-412271F60F69} = {42E1A4AA-532F-4DE3-8BDD-F0D8DA1C9869}
		{AEFFEEF8-696E-4634-8D0A-03A5FC6498CC} = {5A14E76E-5917-435B-83A0-7F9702D0BBAB}
		{D79883B2-E725-4C23-8145-EC19621E829E} = {42E1A4AA-532F-4DE3-8BDD-F0D8DA1C9869}
		{D763A95A-C9ED-449A-970F-453732051627} = {42E1A4AA-532F-4DE3-8BDD-F0D8DA1C9869}
		{F093D917-6740-4A0B-A065-03A3D325BBBE} = {42E1A4AA-532F-4DE3-8BDD-F0D8DA1C9869}
		{307EE88A-B526-47AB-AD5E-4CE1EDD52D1F} = {79436234-5D4B-4AC3-A8C3-8F3527549609}
	EndGlobalSection
	GlobalSection(ExtensibilityGlobals) = postSolution
		SolutionGuid = {8A68F688-9562-4804-8F01-1467FABC575B}
	EndGlobalSection
EndGlobal
